// !$*UTF8*$!
{
	archiveVersion = 1;
	classes = {
	};
	objectVersion = 46;
	objects = {

/* Begin PBXBuildFile section */
		98B4024E1E653E0C00FBB38C /* main.m in Sources */ = {isa = PBXBuildFile; fileRef = 98B4024D1E653E0C00FBB38C /* main.m */; };
		98B402511E653E0C00FBB38C /* AppDelegate.m in Sources */ = {isa = PBXBuildFile; fileRef = 98B402501E653E0C00FBB38C /* AppDelegate.m */; };
		98B402541E653E0C00FBB38C /* ViewController.m in Sources */ = {isa = PBXBuildFile; fileRef = 98B402531E653E0C00FBB38C /* ViewController.m */; };
		98B402571E653E0C00FBB38C /* Main.storyboard in Resources */ = {isa = PBXBuildFile; fileRef = 98B402551E653E0C00FBB38C /* Main.storyboard */; };
		98B402591E653E0C00FBB38C /* Assets.xcassets in Resources */ = {isa = PBXBuildFile; fileRef = 98B402581E653E0C00FBB38C /* Assets.xcassets */; };
		98B4025C1E653E0C00FBB38C /* LaunchScreen.storyboard in Resources */ = {isa = PBXBuildFile; fileRef = 98B4025A1E653E0C00FBB38C /* LaunchScreen.storyboard */; };
		98B402651E653E2B00FBB38C /* LHLoginModel.m in Sources */ = {isa = PBXBuildFile; fileRef = 98B402641E653E2B00FBB38C /* LHLoginModel.m */; };
/* End PBXBuildFile section */

/* Begin PBXFileReference section */
		98B402491E653E0C00FBB38C /* LHBlockProperty.app */ = {isa = PBXFileReference; explicitFileType = wrapper.application; includeInIndex = 0; path = LHBlockProperty.app; sourceTree = BUILT_PRODUCTS_DIR; };
		98B4024D1E653E0C00FBB38C /* main.m */ = {isa = PBXFileReference; lastKnownFileType = sourcecode.c.objc; path = main.m; sourceTree = "<group>"; };
		98B4024F1E653E0C00FBB38C /* AppDelegate.h */ = {isa = PBXFileReference; lastKnownFileType = sourcecode.c.h; path = AppDelegate.h; sourceTree = "<group>"; };
		98B402501E653E0C00FBB38C /* AppDelegate.m */ = {isa = PBXFileReference; lastKnownFileType = sourcecode.c.objc; path = AppDelegate.m; sourceTree = "<group>"; };
		98B402521E653E0C00FBB38C /* ViewController.h */ = {isa = PBXFileReference; lastKnownFileType = sourcecode.c.h; path = ViewController.h; sourceTree = "<group>"; };
		98B402531E653E0C00FBB38C /* ViewController.m */ = {isa = PBXFileReference; lastKnownFileType = sourcecode.c.objc; path = ViewController.m; sourceTree = "<group>"; };
		98B402561E653E0C00FBB38C /* Base */ = {isa = PBXFileReference; lastKnownFileType = file.storyboard; name = Base; path = Base.lproj/Main.storyboard; sourceTree = "<group>"; };
		98B402581E653E0C00FBB38C /* Assets.xcassets */ = {isa = PBXFileReference; lastKnownFileType = folder.assetcatalog; path = Assets.xcassets; sourceTree = "<group>"; };
		98B4025B1E653E0C00FBB38C /* Base */ = {isa = PBXFileReference; lastKnownFileType = file.storyboard; name = Base; path = Base.lproj/LaunchScreen.storyboard; sourceTree = "<group>"; };
		98B4025D1E653E0C00FBB38C /* Info.plist */ = {isa = PBXFileReference; lastKnownFileType = text.plist.xml; path = Info.plist; sourceTree = "<group>"; };
		98B402631E653E2B00FBB38C /* LHLoginModel.h */ = {isa = PBXFileReference; fileEncoding = 4; lastKnownFileType = sourcecode.c.h; path = LHLoginModel.h; sourceTree = "<group>"; };
		98B402641E653E2B00FBB38C /* LHLoginModel.m */ = {isa = PBXFileReference; fileEncoding = 4; lastKnownFileType = sourcecode.c.objc; path = LHLoginModel.m; sourceTree = "<group>"; };
/* End PBXFileReference section */

/* Begin PBXFrameworksBuildPhase section */
		98B402461E653E0C00FBB38C /* Frameworks */ = {
			isa = PBXFrameworksBuildPhase;
			buildActionMask = 2147483647;
			files = (
			);
			runOnlyForDeploymentPostprocessing = 0;
		};
/* End PBXFrameworksBuildPhase section */

/* Begin PBXGroup section */
		98B402401E653E0C00FBB38C = {
			isa = PBXGroup;
			children = (
				98B4024B1E653E0C00FBB38C /* LHBlockProperty */,
				98B4024A1E653E0C00FBB38C /* Products */,
			);
			sourceTree = "<group>";
		};
		98B4024A1E653E0C00FBB38C /* Products */ = {
			isa = PBXGroup;
			children = (
				98B402491E653E0C00FBB38C /* LHBlockProperty.app */,
			);
			name = Products;
			sourceTree = "<group>";
		};
		98B4024B1E653E0C00FBB38C /* LHBlockProperty */ = {
			isa = PBXGroup;
			children = (
				98B4024F1E653E0C00FBB38C /* AppDelegate.h */,
				98B402501E653E0C00FBB38C /* AppDelegate.m */,
				98B402521E653E0C00FBB38C /* ViewController.h */,
				98B402531E653E0C00FBB38C /* ViewController.m */,
				98B402631E653E2B00FBB38C /* LHLoginModel.h */,
				98B402641E653E2B00FBB38C /* LHLoginModel.m */,
				98B402551E653E0C00FBB38C /* Main.storyboard */,
				98B402581E653E0C00FBB38C /* Assets.xcassets */,
				98B4025A1E653E0C00FBB38C /* LaunchScreen.storyboard */,
				98B4025D1E653E0C00FBB38C /* Info.plist */,
				98B4024C1E653E0C00FBB38C /* Supporting Files */,
			);
			path = LHBlockProperty;
			sourceTree = "<group>";
		};
		98B4024C1E653E0C00FBB38C /* Supporting Files */ = {
			isa = PBXGroup;
			children = (
				98B4024D1E653E0C00FBB38C /* main.m */,
			);
			name = "Supporting Files";
			sourceTree = "<group>";
		};
/* End PBXGroup section */

/* Begin PBXNativeTarget section */
		98B402481E653E0C00FBB38C /* LHBlockProperty */ = {
			isa = PBXNativeTarget;
			buildConfigurationList = 98B402601E653E0C00FBB38C /* Build configuration list for PBXNativeTarget "LHBlockProperty" */;
			buildPhases = (
				98B402451E653E0C00FBB38C /* Sources */,
				98B402461E653E0C00FBB38C /* Frameworks */,
				98B402471E653E0C00FBB38C /* Resources */,
			);
			buildRules = (
			);
			dependencies = (
			);
			name = LHBlockProperty;
			productName = LHBlockProperty;
			productReference = 98B402491E653E0C00FBB38C /* LHBlockProperty.app */;
			productType = "com.apple.product-type.application";
		};
/* End PBXNativeTarget section */

/* Begin PBXProject section */
		98B402411E653E0C00FBB38C /* Project object */ = {
			isa = PBXProject;
			attributes = {
				LastUpgradeCheck = 0820;
				ORGANIZATIONNAME = lyle;
				TargetAttributes = {
					98B402481E653E0C00FBB38C = {
						CreatedOnToolsVersion = 8.2.1;
						ProvisioningStyle = Automatic;
					};
				};
			};
			buildConfigurationList = 98B402441E653E0C00FBB38C /* Build configuration list for PBXProject "LHBlockProperty" */;
			compatibilityVersion = "Xcode 3.2";
			developmentRegion = English;
			hasScannedForEncodings = 0;
			knownRegions = (
				en,
				Base,
			);
			mainGroup = 98B402401E653E0C00FBB38C;
			productRefGroup = 98B4024A1E653E0C00FBB38C /* Products */;
			projectDirPath = "";
			projectRoot = "";
			targets = (
				98B402481E653E0C00FBB38C /* LHBlockProperty */,
			);
		};
/* End PBXProject section */

/* Begin PBXResourcesBuildPhase section */
		98B402471E653E0C00FBB38C /* Resources */ = {
			isa = PBXResourcesBuildPhase;
			buildActionMask = 2147483647;
			files = (
				98B4025C1E653E0C00FBB38C /* LaunchScreen.storyboard in Resources */,
				98B402591E653E0C00FBB38C /* Assets.xcassets in Resources */,
				98B402571E653E0C00FBB38C /* Main.storyboard in Resources */,
			);
			runOnlyForDeploymentPostprocessing = 0;
		};
/* End PBXResourcesBuildPhase section */

/* Begin PBXSourcesBuildPhase section */
		98B402451E653E0C00FBB38C /* Sources */ = {
			isa = PBXSourcesBuildPhase;
			buildActionMask = 2147483647;
			files = (
				98B402541E653E0C00FBB38C /* ViewController.m in Sources */,
				98B402511E653E0C00FBB38C /* AppDelegate.m in Sources */,
				98B4024E1E653E0C00FBB38C /* main.m in Sources */,
				98B402651E653E2B00FBB38C /* LHLoginModel.m in Sources */,
			);
			runOnlyForDeploymentPostprocessing = 0;
		};
/* End PBXSourcesBuildPhase section */

/* Begin PBXVariantGroup section */
		98B402551E653E0C00FBB38C /* Main.storyboard */ = {
			isa = PBXVariantGroup;
			children = (
				98B402561E653E0C00FBB38C /* Base */,
			);
			name = Main.storyboard;
			sourceTree = "<group>";
		};
		98B4025A1E653E0C00FBB38C /* LaunchScreen.storyboard */ = {
			isa = PBXVariantGroup;
			children = (
				98B4025B1E653E0C00FBB38C /* Base */,
			);
			name = LaunchScreen.storyboard;
			sourceTree = "<group>";
		};
/* End PBXVariantGroup section */

/* Begin XCBuildConfiguration section */
		98B4025E1E653E0C00FBB38C /* Debug */ = {
			isa = XCBuildConfiguration;
			buildSettings = {
				ALWAYS_SEARCH_USER_PATHS = NO;
				CLANG_ANALYZER_NONNULL = YES;
				CLANG_CXX_LANGUAGE_STANDARD = "gnu++0x";
				CLANG_CXX_LIBRARY = "libc++";
				CLANG_ENABLE_MODULES = YES;
				CLANG_ENABLE_OBJC_ARC = YES;
				CLANG_WARN_BOOL_CONVERSION = YES;
				CLANG_WARN_CONSTANT_CONVERSION = YES;
				CLANG_WARN_DIRECT_OBJC_ISA_USAGE = YES_ERROR;
				CLANG_WARN_DOCUMENTATION_COMMENTS = YES;
				CLANG_WARN_EMPTY_BODY = YES;
				CLANG_WARN_ENUM_CONVERSION = YES;
				CLANG_WARN_INFINITE_RECURSION = YES;
				CLANG_WARN_INT_CONVERSION = YES;
				CLANG_WARN_OBJC_ROOT_CLASS = YES_ERROR;
				CLANG_WARN_SUSPICIOUS_MOVE = YES;
				CLANG_WARN_UNREACHABLE_CODE = YES;
				CLANG_WARN__DUPLICATE_METHOD_MATCH = YES;
				"CODE_SIGN_IDENTITY[sdk=iphoneos*]" = "iPhone Developer";
				COPY_PHASE_STRIP = NO;
				DEBUG_INFORMATION_FORMAT = dwarf;
				ENABLE_STRICT_OBJC_MSGSEND = YES;
				ENABLE_TESTABILITY = YES;
				GCC_C_LANGUAGE_STANDARD = gnu99;
				GCC_DYNAMIC_NO_PIC = NO;
				GCC_NO_COMMON_BLOCKS = YES;
				GCC_OPTIMIZATION_LEVEL = 0;
				GCC_PREPROCESSOR_DEFINITIONS = (
					"DEBUG=1",
					"$(inherited)",
				);
				GCC_WARN_64_TO_32_BIT_CONVERSION = YES;
				GCC_WARN_ABOUT_RETURN_TYPE = YES_ERROR;
				GCC_WARN_UNDECLARED_SELECTOR = YES;
				GCC_WARN_UNINITIALIZED_AUTOS = YES_AGGRESSIVE;
				GCC_WARN_UNUSED_FUNCTION = YES;
				GCC_WARN_UNUSED_VARIABLE = YES;
				IPHONEOS_DEPLOYMENT_TARGET = 10.2;
				MTL_ENABLE_DEBUG_INFO = YES;
				ONLY_ACTIVE_ARCH = YES;
				SDKROOT = iphoneos;
			};
			name = Debug;
		};
		98B4025F1E653E0C00FBB38C /* Release */ = {
			isa = XCBuildConfiguration;
			buildSettings = {
				ALWAYS_SEARCH_USER_PATHS = NO;
				CLANG_ANALYZER_NONNULL = YES;
				CLANG_CXX_LANGUAGE_STANDARD = "gnu++0x";
				CLANG_CXX_LIBRARY = "libc++";
				CLANG_ENABLE_MODULES = YES;
				CLANG_ENABLE_OBJC_ARC = YES;
				CLANG_WARN_BOOL_CONVERSION = YES;
				CLANG_WARN_CONSTANT_CONVERSION = YES;
				CLANG_WARN_DIRECT_OBJC_ISA_USAGE = YES_ERROR;
				CLANG_WARN_DOCUMENTATION_COMMENTS = YES;
				CLANG_WARN_EMPTY_BODY = YES;
				CLANG_WARN_ENUM_CONVERSION = YES;
				CLANG_WARN_INFINITE_RECURSION = YES;
				CLANG_WARN_INT_CONVERSION = YES;
				CLANG_WARN_OBJC_ROOT_CLASS = YES_ERROR;
				CLANG_WARN_SUSPICIOUS_MOVE = YES;
				CLANG_WARN_UNREACHABLE_CODE = YES;
				CLANG_WARN__DUPLICATE_METHOD_MATCH = YES;
				"CODE_SIGN_IDENTITY[sdk=iphoneos*]" = "iPhone Developer";
				COPY_PHASE_STRIP = NO;
				DEBUG_INFORMATION_FORMAT = "dwarf-with-dsym";
				ENABLE_NS_ASSERTIONS = NO;
				ENABLE_STRICT_OBJC_MSGSEND = YES;
				GCC_C_LANGUAGE_STANDARD = gnu99;
				GCC_NO_COMMON_BLOCKS = YES;
				GCC_WARN_64_TO_32_BIT_CONVERSION = YES;
				GCC_WARN_ABOUT_RETURN_TYPE = YES_ERROR;
				GCC_WARN_UNDECLARED_SELECTOR = YES;
				GCC_WARN_UNINITIALIZED_AUTOS = YES_AGGRESSIVE;
				GCC_WARN_UNUSED_FUNCTION = YES;
				GCC_WARN_UNUSED_VARIABLE = YES;
				IPHONEOS_DEPLOYMENT_TARGET = 10.2;
				MTL_ENABLE_DEBUG_INFO = NO;
				SDKROOT = iphoneos;
				VALIDATE_PRODUCT = YES;
			};
			name = Release;
		};
		98B402611E653E0C00FBB38C /* Debug */ = {
			isa = XCBuildConfiguration;
			buildSettings = {
				ASSETCATALOG_COMPILER_APPICON_NAME = AppIcon;
				INFOPLIST_FILE = LHBlockProperty/Info.plist;
				LD_RUNPATH_SEARCH_PATHS = "$(inherited) @executable_path/Frameworks";
				PRODUCT_BUNDLE_IDENTIFIER = com.lyle.LHBlockProperty;
				PRODUCT_NAME = "$(TARGET_NAME)";
			};
			name = Debug;
		};
		98B402621E653E0C00FBB38C /* Release */ = {
			isa = XCBuildConfiguration;
			buildSettings = {
				ASSETCATALOG_COMPILER_APPICON_NAME = AppIcon;
				INFOPLIST_FILE = LHBlockProperty/Info.plist;
				LD_RUNPATH_SEARCH_PATHS = "$(inherited) @executable_path/Frameworks";
				PRODUCT_BUNDLE_IDENTIFIER = com.lyle.LHBlockProperty;
				PRODUCT_NAME = "$(TARGET_NAME)";
			};
			name = Release;
		};
/* End XCBuildConfiguration section */

/* Begin XCConfigurationList section */
		98B402441E653E0C00FBB38C /* Build configuration list for PBXProject "LHBlockProperty" */ = {
			isa = XCConfigurationList;
			buildConfigurations = (
				98B4025E1E653E0C00FBB38C /* Debug */,
				98B4025F1E653E0C00FBB38C /* Release */,
			);
			defaultConfigurationIsVisible = 0;
			defaultConfigurationName = Release;
		};
		98B402601E653E0C00FBB38C /* Build configuration list for PBXNativeTarget "LHBlockProperty" */ = {
			isa = XCConfigurationList;
			buildConfigurations = (
				98B402611E653E0C00FBB38C /* Debug */,
				98B402621E653E0C00FBB38C /* Release */,
			);
			defaultConfigurationIsVisible = 0;
		};
/* End XCConfigurationList section */
	};
	rootObject = 98B402411E653E0C00FBB38C /* Project object */;
}
